# This file is automatically @generated by Poetry 1.8.3 and should not be changed by hand.

[[package]]
name = "automato"
version = "2.0.0"
description = "Unknown"
optional = false
python-versions = "^3.11"
files = []
develop = true

[package.source]
type = "directory"
url = "../.."

[metadata]
lock-version = "2.0"
python-versions = "^3.11"
content-hash = "bdb2111fcc4117affe68245cf73f93e7815592f5d1d3f3053dee803b8541c076"
